
Microsoft Visual Studio Solution File, Format Version 11.00
# Visual Studio 2010
Project("{FAE04EC0-301F-11D3-BF4B-00C04F79EFBC}") = "Leatn.Web.Controllers", "app\Leatn.Web.Controllers\Leatn.Web.Controllers.csproj", "{E86EA2C6-88D3-42A2-94FF-19AAA640A06C}"
EndProject
Project("{FAE04EC0-301F-11D3-BF4B-00C04F79EFBC}") = "Leatn.Web", "app\Leatn.Web\Leatn.Web.csproj", "{6D0775B0-C229-471F-9B82-A4932629C318}"
EndProject
Project("{2150E333-8FDC-42A3-9474-1A3956D46DE8}") = "Databases", "Databases", "{E4E0C280-041D-47BC-B4A1-118A2E3ECEA3}"
EndProject
Project("{2150E333-8FDC-42A3-9474-1A3956D46DE8}") = "Domain", "Domain", "{F88AA616-855A-4804-8C3E-AE072967D6CD}"
EndProject
Project("{2150E333-8FDC-42A3-9474-1A3956D46DE8}") = "Framework", "Framework", "{1268F514-3085-4630-B086-1DC0ECF4181B}"
EndProject
Project("{2150E333-8FDC-42A3-9474-1A3956D46DE8}") = "Infrastructure", "Infrastructure", "{7482ECCD-881E-4A45-9549-CA511F76CEA2}"
EndProject
Project("{2150E333-8FDC-42A3-9474-1A3956D46DE8}") = "Presentation", "Presentation", "{B1FD4519-98BA-431D-8F5B-D7E760DFE041}"
EndProject
Project("{2150E333-8FDC-42A3-9474-1A3956D46DE8}") = "Tasks", "Tasks", "{28B17B81-D643-48CD-B68E-FDCF12B9B469}"
EndProject
Project("{FAE04EC0-301F-11D3-BF4B-00C04F79EFBC}") = "Leatn.Web.Mvc", "app\Leatn.Web.Mvc\Leatn.Web.Mvc.csproj", "{41A8AC81-381C-43EB-93ED-9D8AAE2B60A5}"
EndProject
Project("{FAE04EC0-301F-11D3-BF4B-00C04F79EFBC}") = "Leatn.Domain", "app\Leatn.Domain\Leatn.Domain.csproj", "{7A00C6BC-63A3-4837-90EF-086C55CDAA63}"
EndProject
Project("{FAE04EC0-301F-11D3-BF4B-00C04F79EFBC}") = "Leatn.Infrastructure", "app\Leatn.Infrastructure\Leatn.Infrastructure.csproj", "{B97D34D7-5C90-425E-A5A9-4A343A71F872}"
EndProject
Project("{FAE04EC0-301F-11D3-BF4B-00C04F79EFBC}") = "Leatn.Tasks", "app\Leatn.Tasks\Leatn.Tasks.csproj", "{DFD18F41-7A79-4D4A-9F7D-EC5BC6865DA2}"
EndProject
Project("{FAE04EC0-301F-11D3-BF4B-00C04F79EFBC}") = "Leatn.Framework", "app\Leatn.Framework\Leatn.Framework.csproj", "{9A74878B-D9C6-411B-879F-E3E1633EE2B7}"
EndProject
Project("{C8D11400-126E-41CD-887F-60BD40844F9E}") = "Leatn.Domain.Database", "app\Leatn.Domain.Database\Leatn.Domain.Database.dbproj", "{33A358C9-B258-4C5A-9F84-A82A3279B499}"
EndProject
Global
	GlobalSection(SolutionConfigurationPlatforms) = preSolution
		Debug|Any CPU = Debug|Any CPU
		Release|Any CPU = Release|Any CPU
	EndGlobalSection
	GlobalSection(ProjectConfigurationPlatforms) = postSolution
		{E86EA2C6-88D3-42A2-94FF-19AAA640A06C}.Debug|Any CPU.ActiveCfg = Debug|Any CPU
		{E86EA2C6-88D3-42A2-94FF-19AAA640A06C}.Debug|Any CPU.Build.0 = Debug|Any CPU
		{E86EA2C6-88D3-42A2-94FF-19AAA640A06C}.Release|Any CPU.ActiveCfg = Release|Any CPU
		{E86EA2C6-88D3-42A2-94FF-19AAA640A06C}.Release|Any CPU.Build.0 = Release|Any CPU
		{6D0775B0-C229-471F-9B82-A4932629C318}.Debug|Any CPU.ActiveCfg = Debug|Any CPU
		{6D0775B0-C229-471F-9B82-A4932629C318}.Debug|Any CPU.Build.0 = Debug|Any CPU
		{6D0775B0-C229-471F-9B82-A4932629C318}.Release|Any CPU.ActiveCfg = Release|Any CPU
		{6D0775B0-C229-471F-9B82-A4932629C318}.Release|Any CPU.Build.0 = Release|Any CPU
		{41A8AC81-381C-43EB-93ED-9D8AAE2B60A5}.Debug|Any CPU.ActiveCfg = Debug|Any CPU
		{41A8AC81-381C-43EB-93ED-9D8AAE2B60A5}.Debug|Any CPU.Build.0 = Debug|Any CPU
		{41A8AC81-381C-43EB-93ED-9D8AAE2B60A5}.Release|Any CPU.ActiveCfg = Release|Any CPU
		{41A8AC81-381C-43EB-93ED-9D8AAE2B60A5}.Release|Any CPU.Build.0 = Release|Any CPU
		{7A00C6BC-63A3-4837-90EF-086C55CDAA63}.Debug|Any CPU.ActiveCfg = Debug|Any CPU
		{7A00C6BC-63A3-4837-90EF-086C55CDAA63}.Debug|Any CPU.Build.0 = Debug|Any CPU
		{7A00C6BC-63A3-4837-90EF-086C55CDAA63}.Release|Any CPU.ActiveCfg = Release|Any CPU
		{7A00C6BC-63A3-4837-90EF-086C55CDAA63}.Release|Any CPU.Build.0 = Release|Any CPU
		{B97D34D7-5C90-425E-A5A9-4A343A71F872}.Debug|Any CPU.ActiveCfg = Debug|Any CPU
		{B97D34D7-5C90-425E-A5A9-4A343A71F872}.Debug|Any CPU.Build.0 = Debug|Any CPU
		{B97D34D7-5C90-425E-A5A9-4A343A71F872}.Release|Any CPU.ActiveCfg = Release|Any CPU
		{B97D34D7-5C90-425E-A5A9-4A343A71F872}.Release|Any CPU.Build.0 = Release|Any CPU
		{DFD18F41-7A79-4D4A-9F7D-EC5BC6865DA2}.Debug|Any CPU.ActiveCfg = Debug|Any CPU
		{DFD18F41-7A79-4D4A-9F7D-EC5BC6865DA2}.Debug|Any CPU.Build.0 = Debug|Any CPU
		{DFD18F41-7A79-4D4A-9F7D-EC5BC6865DA2}.Release|Any CPU.ActiveCfg = Release|Any CPU
		{DFD18F41-7A79-4D4A-9F7D-EC5BC6865DA2}.Release|Any CPU.Build.0 = Release|Any CPU
		{9A74878B-D9C6-411B-879F-E3E1633EE2B7}.Debug|Any CPU.ActiveCfg = Debug|Any CPU
		{9A74878B-D9C6-411B-879F-E3E1633EE2B7}.Debug|Any CPU.Build.0 = Debug|Any CPU
		{9A74878B-D9C6-411B-879F-E3E1633EE2B7}.Release|Any CPU.ActiveCfg = Release|Any CPU
		{9A74878B-D9C6-411B-879F-E3E1633EE2B7}.Release|Any CPU.Build.0 = Release|Any CPU
		{33A358C9-B258-4C5A-9F84-A82A3279B499}.Debug|Any CPU.ActiveCfg = Debug|Any CPU
		{33A358C9-B258-4C5A-9F84-A82A3279B499}.Debug|Any CPU.Build.0 = Debug|Any CPU
		{33A358C9-B258-4C5A-9F84-A82A3279B499}.Release|Any CPU.ActiveCfg = Release|Any CPU
		{33A358C9-B258-4C5A-9F84-A82A3279B499}.Release|Any CPU.Build.0 = Release|Any CPU
		{33A358C9-B258-4C5A-9F84-A82A3279B499}.Release|Any CPU.Deploy.0 = Release|Any CPU
	EndGlobalSection
	GlobalSection(SolutionProperties) = preSolution
		HideSolutionNode = FALSE
	EndGlobalSection
	GlobalSection(NestedProjects) = preSolution
		{6D0775B0-C229-471F-9B82-A4932629C318} = {B1FD4519-98BA-431D-8F5B-D7E760DFE041}
		{E86EA2C6-88D3-42A2-94FF-19AAA640A06C} = {B1FD4519-98BA-431D-8F5B-D7E760DFE041}
		{33A358C9-B258-4C5A-9F84-A82A3279B499} = {E4E0C280-041D-47BC-B4A1-118A2E3ECEA3}
		{7A00C6BC-63A3-4837-90EF-086C55CDAA63} = {F88AA616-855A-4804-8C3E-AE072967D6CD}
		{9A74878B-D9C6-411B-879F-E3E1633EE2B7} = {1268F514-3085-4630-B086-1DC0ECF4181B}
		{41A8AC81-381C-43EB-93ED-9D8AAE2B60A5} = {7482ECCD-881E-4A45-9549-CA511F76CEA2}
		{B97D34D7-5C90-425E-A5A9-4A343A71F872} = {7482ECCD-881E-4A45-9549-CA511F76CEA2}
		{DFD18F41-7A79-4D4A-9F7D-EC5BC6865DA2} = {28B17B81-D643-48CD-B68E-FDCF12B9B469}
	EndGlobalSection
EndGlobal
